github.com/AnimeKaizoku/cacher v1.0.3 h1:foNAmLfY/DXfA4yEy4uP6WK2Ni7JC+s3QhZv72Dn6zs=
github.com/AnimeKaizoku/cacher v1.0.3/go.mod h1:jw0de/b0K6W7Y3T9rHCMGVKUf6oG7hENNcssxYcZTCc=
github.com/allegro/bigcache/v3 v3.1.0 h1:H2Vp8VOvxcrB91o86fUSVJFqeuz8kpyyB02eH3bSzwk=
github.com/allegro/bigcache/v3 v3.1.0/go.mod h1:aPyh7jEvrog9zAwx5N7+JUQX5dZTSGpxF1LAR4dr35I=
github.com/cespare/xxhash/v2 v2.3.0 h1:UL815xU9SqsFlibzuggzjXhog7bL6oX9BbNZnL2UFvs=
github.com/cespare/xxhash/v2 v2.3.0/go.mod h1:VGX0DQ3Q6kWi7AoAeZDth3/j3BFtOZR5XLFGgcrjCOs=
